# This file is autogenerated, do not edit; changes may be undone by the next 'dep ensure'.


[[projects]]
  branch = "master"
  digest = "1:5d72bbcc9c8667b11c3dc3cbe681c5a6f71e5096744c0bf7726ab5c6425d5dc4"
  name = "github.com/BurntSushi/toml"
  packages = ["."]
  pruneopts = "NUT"
  revision = "3012a1dbe2e4bd1391d42b32f0577cb7bbc7f005"

[[projects]]
  branch = "master"
  digest = "1:bd228d1a02fffcaf3abca973886870113d843ea7a67d5b6f70a5169950499ea9"
  name = "github.com/genuinetools/pkg"
  packages = ["cli"]
  pruneopts = "NUT"
  revision = "1c141f661797b5fb22033c9a7a5ab004994a0404"

[[projects]]
  digest = "1:63ccdfbd20f7ccd2399d0647a7d100b122f79c13bb83da9660b1598396fd9f62"
  name = "github.com/golang/protobuf"
  packages = [
    "proto",
    "ptypes",
    "ptypes/any",
    "ptypes/duration",
    "ptypes/timestamp",
  ]
  pruneopts = "NUT"
  revision = "aa810b61a9c79d51363740d207bb46cf8e620ed5"
  version = "v1.2.0"

[[projects]]
  branch = "master"
  digest = "1:23140ef7a714d4f63d5fd9d85cbdff70d68b86418dd7333e852b1927e70633a8"
  name = "github.com/iovisor/gobpf"
  packages = [
    "bcc",
    "pkg/cpuonline",
  ]
  pruneopts = "NUT"
  revision = "4ece6c56f93637c86338885d37e98ff0fb97b4c9"

[[projects]]
  digest = "1:d15180343f618d58b83aa74baee173db241e43468d05cab897aaec6fbe007407"
  name = "github.com/jessfraz/ship"
  packages = ["version"]
  pruneopts = "NUT"
  revision = "c371a49613899b456490b3bcd718944798dbd156"
  version = "v0.0.5"

[[projects]]
  digest = "1:b2339e83ce9b5c4f79405f949429a7f68a9a904fed903c672aac1e7ceb7f5f02"
  name = "github.com/sirupsen/logrus"
  packages = ["."]
  pruneopts = "NUT"
  revision = "3e01752db0189b9157070a0e1668a620f9a85da2"
  version = "v1.0.6"

[[projects]]
  branch = "master"
  digest = "1:e865a1cd94806d1bb0eaa0bffba2ccb5e25ac42e1f55328c83d5e3399c9961a4"
  name = "github.com/syndtr/gocapability"
  packages = ["capability"]
  pruneopts = "NUT"
  revision = "33e07d32887e1e06b7c025f27ce52f62c7990bc0"

[[projects]]
  branch = "master"
  digest = "1:3f3a05ae0b95893d90b9b3b5afdb79a9b3d96e4e36e099d841ae602e4aca0da8"
  name = "golang.org/x/crypto"
  packages = ["ssh/terminal"]
  pruneopts = "NUT"
  revision = "0e37d006457bf46f9e6692014ba72ef82c33022c"

[[projects]]
  branch = "master"
  digest = "1:a2707daa031e6db5fcaae8a9b30eaa503a0d7d8aa72cd50b27fa394ef6c3f7fe"
  name = "golang.org/x/net"
  packages = [
    "context",
    "http/httpguts",
    "http2",
    "http2/hpack",
    "idna",
    "internal/timeseries",
    "trace",
  ]
  pruneopts = "NUT"
  revision = "161cd47e91fd58ac17490ef4d742dc98bb4cf60e"

[[projects]]
  branch = "master"
  digest = "1:581828cee9f0d31195c1ae52ea8935dfaec395cee6c23adc02109b892b391c2e"
  name = "golang.org/x/sys"
  packages = [
    "unix",
    "windows",
  ]
  pruneopts = "NUT"
  revision = "d0be0721c37eeb5299f245a996a483160fc36940"

[[projects]]
  digest = "1:e7071ed636b5422cc51c0e3a6cebc229d6c9fffc528814b519a980641422d619"
  name = "golang.org/x/text"
  packages = [
    "collate",
    "collate/build",
    "internal/colltab",
    "internal/gen",
    "internal/tag",
    "internal/triegen",
    "internal/ucd",
    "language",
    "secure/bidirule",
    "transform",
    "unicode/bidi",
    "unicode/cldr",
    "unicode/norm",
    "unicode/rangetable",
  ]
  pruneopts = "NUT"
  revision = "f21a4dfb5e38f5895301dc265a8def02365cc3d0"
  version = "v0.3.0"

[[projects]]
  branch = "master"
  digest = "1:077c1c599507b3b3e9156d17d36e1e61928ee9b53a5b420f10f28ebd4a0b275c"
  name = "google.golang.org/genproto"
  packages = ["googleapis/rpc/status"]
  pruneopts = "NUT"
  revision = "11092d34479b07829b72e10713b159248caf5dad"

[[projects]]
  digest = "1:c2d756dba3cf0bc2d50ff9b3e4b80cd327436cf678386a51c8417d084625a51d"
  name = "google.golang.org/grpc"
  packages = [
    ".",
    "balancer",
    "balancer/base",
    "balancer/roundrobin",
    "codes",
    "connectivity",
    "credentials",
    "encoding",
    "encoding/proto",
    "grpclog",
    "internal",
    "internal/backoff",
    "internal/channelz",
    "internal/envconfig",
    "internal/grpcrand",
    "internal/transport",
    "keepalive",
    "metadata",
    "naming",
    "peer",
    "resolver",
    "resolver/dns",
    "resolver/passthrough",
    "stats",
    "status",
    "tap",
  ]
  pruneopts = "NUT"
  revision = "32fb0ac620c32ba40a4626ddf94d90d12cce3455"
  version = "v1.14.0"

[solve-meta]
  analyzer-name = "dep"
  analyzer-version = 1
  input-imports = [
    "github.com/BurntSushi/toml",
    "github.com/genuinetools/pkg/cli",
    "github.com/golang/protobuf/proto",
    "github.com/iovisor/gobpf/bcc",
    "github.com/jessfraz/ship/version",
    "github.com/sirupsen/logrus",
    "github.com/syndtr/gocapability/capability",
    "golang.org/x/net/context",
    "golang.org/x/sys/unix",
    "google.golang.org/grpc",
  ]
  solver-name = "gps-cdcl"
  solver-version = 1
