# This file is autogenerated, do not edit; changes may be undone by the next 'dep ensure'.


[[projects]]
  branch = "master"
  digest = "1:6ef4d6cb61f89688f3256f2e8ed147ed75700f3231523ed6234091575160a5fb"
  name = "github.com/genuinetools/pkg"
  packages = ["cli"]
  pruneopts = "NUT"
  revision = "4038376dadd53f913de41663feae408ef23c8e8a"

[[projects]]
  digest = "1:d15180343f618d58b83aa74baee173db241e43468d05cab897aaec6fbe007407"
  name = "github.com/jessfraz/ship"
  packages = ["version"]
  pruneopts = "NUT"
  revision = "c371a49613899b456490b3bcd718944798dbd156"
  version = "v0.0.5"

[[projects]]
  digest = "1:b2339e83ce9b5c4f79405f949429a7f68a9a904fed903c672aac1e7ceb7f5f02"
  name = "github.com/sirupsen/logrus"
  packages = ["."]
  pruneopts = "NUT"
  revision = "3e01752db0189b9157070a0e1668a620f9a85da2"
  version = "v1.0.6"

[[projects]]
  branch = "master"
  digest = "1:3f3a05ae0b95893d90b9b3b5afdb79a9b3d96e4e36e099d841ae602e4aca0da8"
  name = "golang.org/x/crypto"
  packages = ["ssh/terminal"]
  pruneopts = "NUT"
  revision = "0709b304e793a5edb4a2c0145f281ecdc20838a4"

[[projects]]
  branch = "master"
  digest = "1:be111a2be1a759ab2eeacb539ad76fb906111e5aba9b16412e85b5ec892aa703"
  name = "golang.org/x/sys"
  packages = [
    "unix",
    "windows",
  ]
  pruneopts = "NUT"
  revision = "917fdcba135dcbaccd57425db91723541b4427c8"

[solve-meta]
  analyzer-name = "dep"
  analyzer-version = 1
  input-imports = [
    "github.com/genuinetools/pkg/cli",
    "github.com/jessfraz/ship/version",
    "github.com/sirupsen/logrus",
  ]
  solver-name = "gps-cdcl"
  solver-version = 1
